// !$*UTF8*$!
{
	archiveVersion = 1;
	classes = {
	};
	objectVersion = 46;
	objects = {

/* Begin PBXBuildFile section */
		2D431E7F1C4C3EA000C4BFFD /* main.m in Sources */ = {isa = PBXBuildFile; fileRef = 2D431E7E1C4C3EA000C4BFFD /* main.m */; };
		2D431E821C4C3EA000C4BFFD /* AppDelegate.m in Sources */ = {isa = PBXBuildFile; fileRef = 2D431E811C4C3EA000C4BFFD /* AppDelegate.m */; };
		2D431E851C4C3EA000C4BFFD /* ViewController.m in Sources */ = {isa = PBXBuildFile; fileRef = 2D431E841C4C3EA000C4BFFD /* ViewController.m */; };
		2D431E881C4C3EA000C4BFFD /* Main.storyboard in Resources */ = {isa = PBXBuildFile; fileRef = 2D431E861C4C3EA000C4BFFD /* Main.storyboard */; };
		2D431E8A1C4C3EA000C4BFFD /* Assets.xcassets in Resources */ = {isa = PBXBuildFile; fileRef = 2D431E891C4C3EA000C4BFFD /* Assets.xcassets */; };
		2D431E8D1C4C3EA000C4BFFD /* LaunchScreen.storyboard in Resources */ = {isa = PBXBuildFile; fileRef = 2D431E8B1C4C3EA000C4BFFD /* LaunchScreen.storyboard */; };
		2D431E981C4C3EA000C4BFFD /* FFTRecorderTests.m in Sources */ = {isa = PBXBuildFile; fileRef = 2D431E971C4C3EA000C4BFFD /* FFTRecorderTests.m */; };
		2D431EA51C4C429A00C4BFFD /* edk_ios.framework in Frameworks */ = {isa = PBXBuildFile; fileRef = 2D431EA41C4C429A00C4BFFD /* edk_ios.framework */; settings = {ATTRIBUTES = (Required, ); }; };
		2D431EA71C4C446300C4BFFD /* edk_ios.framework in Embed Frameworks */ = {isa = PBXBuildFile; fileRef = 2D431EA41C4C429A00C4BFFD /* edk_ios.framework */; settings = {ATTRIBUTES = (CodeSignOnCopy, RemoveHeadersOnCopy, ); }; };
		2D431EAA1C4C456200C4BFFD /* Marathon Logo.png in Resources */ = {isa = PBXBuildFile; fileRef = 2D431EA91C4C456200C4BFFD /* Marathon Logo.png */; };
/* End PBXBuildFile section */

/* Begin PBXContainerItemProxy section */
		2D431E941C4C3EA000C4BFFD /* PBXContainerItemProxy */ = {
			isa = PBXContainerItemProxy;
			containerPortal = 2D431E721C4C3EA000C4BFFD /* Project object */;
			proxyType = 1;
			remoteGlobalIDString = 2D431E791C4C3EA000C4BFFD;
			remoteInfo = FFTRecorder;
		};
/* End PBXContainerItemProxy section */

/* Begin PBXCopyFilesBuildPhase section */
		2D431EA81C4C446300C4BFFD /* Embed Frameworks */ = {
			isa = PBXCopyFilesBuildPhase;
			buildActionMask = 2147483647;
			dstPath = "";
			dstSubfolderSpec = 10;
			files = (
				2D431EA71C4C446300C4BFFD /* edk_ios.framework in Embed Frameworks */,
			);
			name = "Embed Frameworks";
			runOnlyForDeploymentPostprocessing = 0;
		};
/* End PBXCopyFilesBuildPhase section */

/* Begin PBXFileReference section */
		2D431E7A1C4C3EA000C4BFFD /* FFTRecorder.app */ = {isa = PBXFileReference; explicitFileType = wrapper.application; includeInIndex = 0; path = FFTRecorder.app; sourceTree = BUILT_PRODUCTS_DIR; };
		2D431E7E1C4C3EA000C4BFFD /* main.m */ = {isa = PBXFileReference; lastKnownFileType = sourcecode.c.objc; path = main.m; sourceTree = "<group>"; };
		2D431E801C4C3EA000C4BFFD /* AppDelegate.h */ = {isa = PBXFileReference; lastKnownFileType = sourcecode.c.h; path = AppDelegate.h; sourceTree = "<group>"; };
		2D431E811C4C3EA000C4BFFD /* AppDelegate.m */ = {isa = PBXFileReference; lastKnownFileType = sourcecode.c.objc; path = AppDelegate.m; sourceTree = "<group>"; };
		2D431E831C4C3EA000C4BFFD /* ViewController.h */ = {isa = PBXFileReference; lastKnownFileType = sourcecode.c.h; path = ViewController.h; sourceTree = "<group>"; };
		2D431E841C4C3EA000C4BFFD /* ViewController.m */ = {isa = PBXFileReference; lastKnownFileType = sourcecode.c.objc; path = ViewController.m; sourceTree = "<group>"; };
		2D431E871C4C3EA000C4BFFD /* Base */ = {isa = PBXFileReference; lastKnownFileType = file.storyboard; name = Base; path = Base.lproj/Main.storyboard; sourceTree = "<group>"; };
		2D431E891C4C3EA000C4BFFD /* Assets.xcassets */ = {isa = PBXFileReference; lastKnownFileType = folder.assetcatalog; path = Assets.xcassets; sourceTree = "<group>"; };
		2D431E8C1C4C3EA000C4BFFD /* Base */ = {isa = PBXFileReference; lastKnownFileType = file.storyboard; name = Base; path = Base.lproj/LaunchScreen.storyboard; sourceTree = "<group>"; };
		2D431E8E1C4C3EA000C4BFFD /* Info.plist */ = {isa = PBXFileReference; lastKnownFileType = text.plist.xml; path = Info.plist; sourceTree = "<group>"; };
		2D431E931C4C3EA000C4BFFD /* FFTRecorderTests.xctest */ = {isa = PBXFileReference; explicitFileType = wrapper.cfbundle; includeInIndex = 0; path = FFTRecorderTests.xctest; sourceTree = BUILT_PRODUCTS_DIR; };
		2D431E971C4C3EA000C4BFFD /* FFTRecorderTests.m */ = {isa = PBXFileReference; lastKnownFileType = sourcecode.c.objc; path = FFTRecorderTests.m; sourceTree = "<group>"; };
		2D431E991C4C3EA000C4BFFD /* Info.plist */ = {isa = PBXFileReference; lastKnownFileType = text.plist.xml; path = Info.plist; sourceTree = "<group>"; };
		2D431EA41C4C429A00C4BFFD /* edk_ios.framework */ = {isa = PBXFileReference; lastKnownFileType = wrapper.framework; path = edk_ios.framework; sourceTree = "<group>"; };
		2D431EA91C4C456200C4BFFD /* Marathon Logo.png */ = {isa = PBXFileReference; lastKnownFileType = image.png; path = "Marathon Logo.png"; sourceTree = "<group>"; };
/* End PBXFileReference section */

/* Begin PBXFrameworksBuildPhase section */
		2D431E771C4C3EA000C4BFFD /* Frameworks */ = {
			isa = PBXFrameworksBuildPhase;
			buildActionMask = 2147483647;
			files = (
				2D431EA51C4C429A00C4BFFD /* edk_ios.framework in Frameworks */,
			);
			runOnlyForDeploymentPostprocessing = 0;
		};
		2D431E901C4C3EA000C4BFFD /* Frameworks */ = {
			isa = PBXFrameworksBuildPhase;
			buildActionMask = 2147483647;
			files = (
			);
			runOnlyForDeploymentPostprocessing = 0;
		};
/* End PBXFrameworksBuildPhase section */

/* Begin PBXGroup section */
		2D431E711C4C3EA000C4BFFD = {
			isa = PBXGroup;
			children = (
				2D431EA91C4C456200C4BFFD /* Marathon Logo.png */,
				2D431E7C1C4C3EA000C4BFFD /* FFTRecorder */,
				2D431E961C4C3EA000C4BFFD /* FFTRecorderTests */,
				2D431E7B1C4C3EA000C4BFFD /* Products */,
				2D431EA41C4C429A00C4BFFD /* edk_ios.framework */,
			);
			sourceTree = "<group>";
		};
		2D431E7B1C4C3EA000C4BFFD /* Products */ = {
			isa = PBXGroup;
			children = (
				2D431E7A1C4C3EA000C4BFFD /* FFTRecorder.app */,
				2D431E931C4C3EA000C4BFFD /* FFTRecorderTests.xctest */,
			);
			name = Products;
			sourceTree = "<group>";
		};
		2D431E7C1C4C3EA000C4BFFD /* FFTRecorder */ = {
			isa = PBXGroup;
			children = (
				2D431E801C4C3EA000C4BFFD /* AppDelegate.h */,
				2D431E811C4C3EA000C4BFFD /* AppDelegate.m */,
				2D431E831C4C3EA000C4BFFD /* ViewController.h */,
				2D431E841C4C3EA000C4BFFD /* ViewController.m */,
				2D431E861C4C3EA000C4BFFD /* Main.storyboard */,
				2D431E891C4C3EA000C4BFFD /* Assets.xcassets */,
				2D431E8B1C4C3EA000C4BFFD /* LaunchScreen.storyboard */,
				2D431E8E1C4C3EA000C4BFFD /* Info.plist */,
				2D431E7D1C4C3EA000C4BFFD /* Supporting Files */,
			);
			path = FFTRecorder;
			sourceTree = "<group>";
		};
		2D431E7D1C4C3EA000C4BFFD /* Supporting Files */ = {
			isa = PBXGroup;
			children = (
				2D431E7E1C4C3EA000C4BFFD /* main.m */,
			);
			name = "Supporting Files";
			sourceTree = "<group>";
		};
		2D431E961C4C3EA000C4BFFD /* FFTRecorderTests */ = {
			isa = PBXGroup;
			children = (
				2D431E971C4C3EA000C4BFFD /* FFTRecorderTests.m */,
				2D431E991C4C3EA000C4BFFD /* Info.plist */,
			);
			path = FFTRecorderTests;
			sourceTree = "<group>";
		};
/* End PBXGroup section */

/* Begin PBXNativeTarget section */
		2D431E791C4C3EA000C4BFFD /* FFTRecorder */ = {
			isa = PBXNativeTarget;
			buildConfigurationList = 2D431E9C1C4C3EA000C4BFFD /* Build configuration list for PBXNativeTarget "FFTRecorder" */;
			buildPhases = (
				2D431E761C4C3EA000C4BFFD /* Sources */,
				2D431E771C4C3EA000C4BFFD /* Frameworks */,
				2D431E781C4C3EA000C4BFFD /* Resources */,
				2D431EA81C4C446300C4BFFD /* Embed Frameworks */,
			);
			buildRules = (
			);
			dependencies = (
			);
			name = FFTRecorder;
			productName = FFTRecorder;
			productReference = 2D431E7A1C4C3EA000C4BFFD /* FFTRecorder.app */;
			productType = "com.apple.product-type.application";
		};
		2D431E921C4C3EA000C4BFFD /* FFTRecorderTests */ = {
			isa = PBXNativeTarget;
			buildConfigurationList = 2D431E9F1C4C3EA000C4BFFD /* Build configuration list for PBXNativeTarget "FFTRecorderTests" */;
			buildPhases = (
				2D431E8F1C4C3EA000C4BFFD /* Sources */,
				2D431E901C4C3EA000C4BFFD /* Frameworks */,
				2D431E911C4C3EA000C4BFFD /* Resources */,
			);
			buildRules = (
			);
			dependencies = (
				2D431E951C4C3EA000C4BFFD /* PBXTargetDependency */,
			);
			name = FFTRecorderTests;
			productName = FFTRecorderTests;
			productReference = 2D431E931C4C3EA000C4BFFD /* FFTRecorderTests.xctest */;
			productType = "com.apple.product-type.bundle.unit-test";
		};
/* End PBXNativeTarget section */

/* Begin PBXProject section */
		2D431E721C4C3EA000C4BFFD /* Project object */ = {
			isa = PBXProject;
			attributes = {
				LastUpgradeCheck = 0720;
				ORGANIZATIONNAME = "Alex Cruikshank";
				TargetAttributes = {
					2D431E791C4C3EA000C4BFFD = {
						CreatedOnToolsVersion = 7.2;
						SystemCapabilities = {
							com.apple.BackgroundModes = {
								enabled = 1;
							};
						};
					};
					2D431E921C4C3EA000C4BFFD = {
						CreatedOnToolsVersion = 7.2;
						TestTargetID = 2D431E791C4C3EA000C4BFFD;
					};
				};
			};
			buildConfigurationList = 2D431E751C4C3EA000C4BFFD /* Build configuration list for PBXProject "FFTRecorder" */;
			compatibilityVersion = "Xcode 3.2";
			developmentRegion = English;
			hasScannedForEncodings = 0;
			knownRegions = (
				en,
				Base,
			);
			mainGroup = 2D431E711C4C3EA000C4BFFD;
			productRefGroup = 2D431E7B1C4C3EA000C4BFFD /* Products */;
			projectDirPath = "";
			projectRoot = "";
			targets = (
				2D431E791C4C3EA000C4BFFD /* FFTRecorder */,
				2D431E921C4C3EA000C4BFFD /* FFTRecorderTests */,
			);
		};
/* End PBXProject section */

/* Begin PBXResourcesBuildPhase section */
		2D431E781C4C3EA000C4BFFD /* Resources */ = {
			isa = PBXResourcesBuildPhase;
			buildActionMask = 2147483647;
			files = (
				2D431E8D1C4C3EA000C4BFFD /* LaunchScreen.storyboard in Resources */,
				2D431E8A1C4C3EA000C4BFFD /* Assets.xcassets in Resources */,
				2D431E881C4C3EA000C4BFFD /* Main.storyboard in Resources */,
				2D431EAA1C4C456200C4BFFD /* Marathon Logo.png in Resources */,
			);
			runOnlyForDeploymentPostprocessing = 0;
		};
		2D431E911C4C3EA000C4BFFD /* Resources */ = {
			isa = PBXResourcesBuildPhase;
			buildActionMask = 2147483647;
			files = (
			);
			runOnlyForDeploymentPostprocessing = 0;
		};
/* End PBXResourcesBuildPhase section */

/* Begin PBXSourcesBuildPhase section */
		2D431E761C4C3EA000C4BFFD /* Sources */ = {
			isa = PBXSourcesBuildPhase;
			buildActionMask = 2147483647;
			files = (
				2D431E851C4C3EA000C4BFFD /* ViewController.m in Sources */,
				2D431E821C4C3EA000C4BFFD /* AppDelegate.m in Sources */,
				2D431E7F1C4C3EA000C4BFFD /* main.m in Sources */,
			);
			runOnlyForDeploymentPostprocessing = 0;
		};
		2D431E8F1C4C3EA000C4BFFD /* Sources */ = {
			isa = PBXSourcesBuildPhase;
			buildActionMask = 2147483647;
			files = (
				2D431E981C4C3EA000C4BFFD /* FFTRecorderTests.m in Sources */,
			);
			runOnlyForDeploymentPostprocessing = 0;
		};
/* End PBXSourcesBuildPhase section */

/* Begin PBXTargetDependency section */
		2D431E951C4C3EA000C4BFFD /* PBXTargetDependency */ = {
			isa = PBXTargetDependency;
			target = 2D431E791C4C3EA000C4BFFD /* FFTRecorder */;
			targetProxy = 2D431E941C4C3EA000C4BFFD /* PBXContainerItemProxy */;
		};
/* End PBXTargetDependency section */

/* Begin PBXVariantGroup section */
		2D431E861C4C3EA000C4BFFD /* Main.storyboard */ = {
			isa = PBXVariantGroup;
			children = (
				2D431E871C4C3EA000C4BFFD /* Base */,
			);
			name = Main.storyboard;
			sourceTree = "<group>";
		};
		2D431E8B1C4C3EA000C4BFFD /* LaunchScreen.storyboard */ = {
			isa = PBXVariantGroup;
			children = (
				2D431E8C1C4C3EA000C4BFFD /* Base */,
			);
			name = LaunchScreen.storyboard;
			sourceTree = "<group>";
		};
/* End PBXVariantGroup section */

/* Begin XCBuildConfiguration section */
		2D431E9A1C4C3EA000C4BFFD /* Debug */ = {
			isa = XCBuildConfiguration;
			buildSettings = {
				ALWAYS_SEARCH_USER_PATHS = NO;
				CLANG_CXX_LANGUAGE_STANDARD = "gnu++0x";
				CLANG_CXX_LIBRARY = "libc++";
				CLANG_ENABLE_MODULES = YES;
				CLANG_ENABLE_OBJC_ARC = YES;
				CLANG_WARN_BOOL_CONVERSION = YES;
				CLANG_WARN_CONSTANT_CONVERSION = YES;
				CLANG_WARN_DIRECT_OBJC_ISA_USAGE = YES_ERROR;
				CLANG_WARN_EMPTY_BODY = YES;
				CLANG_WARN_ENUM_CONVERSION = YES;
				CLANG_WARN_INT_CONVERSION = YES;
				CLANG_WARN_OBJC_ROOT_CLASS = YES_ERROR;
				CLANG_WARN_UNREACHABLE_CODE = YES;
				CLANG_WARN__DUPLICATE_METHOD_MATCH = YES;
				"CODE_SIGN_IDENTITY[sdk=iphoneos*]" = "iPhone Developer";
				COPY_PHASE_STRIP = NO;
				DEBUG_INFORMATION_FORMAT = dwarf;
				ENABLE_STRICT_OBJC_MSGSEND = YES;
				ENABLE_TESTABILITY = YES;
				GCC_C_LANGUAGE_STANDARD = gnu99;
				GCC_DYNAMIC_NO_PIC = NO;
				GCC_NO_COMMON_BLOCKS = YES;
				GCC_OPTIMIZATION_LEVEL = 0;
				GCC_PREPROCESSOR_DEFINITIONS = (
					"DEBUG=1",
					"$(inherited)",
				);
				GCC_WARN_64_TO_32_BIT_CONVERSION = YES;
				GCC_WARN_ABOUT_RETURN_TYPE = YES_ERROR;
				GCC_WARN_UNDECLARED_SELECTOR = YES;
				GCC_WARN_UNINITIALIZED_AUTOS = YES_AGGRESSIVE;
				GCC_WARN_UNUSED_FUNCTION = YES;
				GCC_WARN_UNUSED_VARIABLE = YES;
				IPHONEOS_DEPLOYMENT_TARGET = 9.2;
				MTL_ENABLE_DEBUG_INFO = YES;
				ONLY_ACTIVE_ARCH = YES;
				SDKROOT = iphoneos;
			};
			name = Debug;
		};
		2D431E9B1C4C3EA000C4BFFD /* Release */ = {
			isa = XCBuildConfiguration;
			buildSettings = {
				ALWAYS_SEARCH_USER_PATHS = NO;
				CLANG_CXX_LANGUAGE_STANDARD = "gnu++0x";
				CLANG_CXX_LIBRARY = "libc++";
				CLANG_ENABLE_MODULES = YES;
				CLANG_ENABLE_OBJC_ARC = YES;
				CLANG_WARN_BOOL_CONVERSION = YES;
				CLANG_WARN_CONSTANT_CONVERSION = YES;
				CLANG_WARN_DIRECT_OBJC_ISA_USAGE = YES_ERROR;
				CLANG_WARN_EMPTY_BODY = YES;
				CLANG_WARN_ENUM_CONVERSION = YES;
				CLANG_WARN_INT_CONVERSION = YES;
				CLANG_WARN_OBJC_ROOT_CLASS = YES_ERROR;
				CLANG_WARN_UNREACHABLE_CODE = YES;
				CLANG_WARN__DUPLICATE_METHOD_MATCH = YES;
				"CODE_SIGN_IDENTITY[sdk=iphoneos*]" = "iPhone Developer";
				COPY_PHASE_STRIP = NO;
				DEBUG_INFORMATION_FORMAT = "dwarf-with-dsym";
				ENABLE_NS_ASSERTIONS = NO;
				ENABLE_STRICT_OBJC_MSGSEND = YES;
				GCC_C_LANGUAGE_STANDARD = gnu99;
				GCC_NO_COMMON_BLOCKS = YES;
				GCC_WARN_64_TO_32_BIT_CONVERSION = YES;
				GCC_WARN_ABOUT_RETURN_TYPE = YES_ERROR;
				GCC_WARN_UNDECLARED_SELECTOR = YES;
				GCC_WARN_UNINITIALIZED_AUTOS = YES_AGGRESSIVE;
				GCC_WARN_UNUSED_FUNCTION = YES;
				GCC_WARN_UNUSED_VARIABLE = YES;
				IPHONEOS_DEPLOYMENT_TARGET = 9.2;
				MTL_ENABLE_DEBUG_INFO = NO;
				SDKROOT = iphoneos;
				VALIDATE_PRODUCT = YES;
			};
			name = Release;
		};
		2D431E9D1C4C3EA000C4BFFD /* Debug */ = {
			isa = XCBuildConfiguration;
			buildSettings = {
				ASSETCATALOG_COMPILER_APPICON_NAME = AppIcon;
				ENABLE_BITCODE = NO;
				FRAMEWORK_SEARCH_PATHS = (
					"$(inherited)",
					"$(PROJECT_DIR)",
				);
				INFOPLIST_FILE = FFTRecorder/Info.plist;
				LD_RUNPATH_SEARCH_PATHS = "$(inherited) @executable_path/Frameworks";
				PRODUCT_BUNDLE_IDENTIFIER = com.carbonfive.FFTRecorder;
				PRODUCT_NAME = "$(TARGET_NAME)";
			};
			name = Debug;
		};
		2D431E9E1C4C3EA000C4BFFD /* Release */ = {
			isa = XCBuildConfiguration;
			buildSettings = {
				ASSETCATALOG_COMPILER_APPICON_NAME = AppIcon;
				ENABLE_BITCODE = NO;
				FRAMEWORK_SEARCH_PATHS = (
					"$(inherited)",
					"$(PROJECT_DIR)",
				);
				INFOPLIST_FILE = FFTRecorder/Info.plist;
				LD_RUNPATH_SEARCH_PATHS = "$(inherited) @executable_path/Frameworks";
				PRODUCT_BUNDLE_IDENTIFIER = com.carbonfive.FFTRecorder;
				PRODUCT_NAME = "$(TARGET_NAME)";
			};
			name = Release;
		};
		2D431EA01C4C3EA000C4BFFD /* Debug */ = {
			isa = XCBuildConfiguration;
			buildSettings = {
				BUNDLE_LOADER = "$(TEST_HOST)";
				INFOPLIST_FILE = FFTRecorderTests/Info.plist;
				LD_RUNPATH_SEARCH_PATHS = "$(inherited) @executable_path/Frameworks @loader_path/Frameworks";
				PRODUCT_BUNDLE_IDENTIFIER = com.carbonfive.FFTRecorderTests;
				PRODUCT_NAME = "$(TARGET_NAME)";
				TEST_HOST = "$(BUILT_PRODUCTS_DIR)/FFTRecorder.app/FFTRecorder";
			};
			name = Debug;
		};
		2D431EA11C4C3EA000C4BFFD /* Release */ = {
			isa = XCBuildConfiguration;
			buildSettings = {
				BUNDLE_LOADER = "$(TEST_HOST)";
				INFOPLIST_FILE = FFTRecorderTests/Info.plist;
				LD_RUNPATH_SEARCH_PATHS = "$(inherited) @executable_path/Frameworks @loader_path/Frameworks";
				PRODUCT_BUNDLE_IDENTIFIER = com.carbonfive.FFTRecorderTests;
				PRODUCT_NAME = "$(TARGET_NAME)";
				TEST_HOST = "$(BUILT_PRODUCTS_DIR)/FFTRecorder.app/FFTRecorder";
			};
			name = Release;
		};
/* End XCBuildConfiguration section */

/* Begin XCConfigurationList section */
		2D431E751C4C3EA000C4BFFD /* Build configuration list for PBXProject "FFTRecorder" */ = {
			isa = XCConfigurationList;
			buildConfigurations = (
				2D431E9A1C4C3EA000C4BFFD /* Debug */,
				2D431E9B1C4C3EA000C4BFFD /* Release */,
			);
			defaultConfigurationIsVisible = 0;
			defaultConfigurationName = Release;
		};
		2D431E9C1C4C3EA000C4BFFD /* Build configuration list for PBXNativeTarget "FFTRecorder" */ = {
			isa = XCConfigurationList;
			buildConfigurations = (
				2D431E9D1C4C3EA000C4BFFD /* Debug */,
				2D431E9E1C4C3EA000C4BFFD /* Release */,
			);
			defaultConfigurationIsVisible = 0;
		};
		2D431E9F1C4C3EA000C4BFFD /* Build configuration list for PBXNativeTarget "FFTRecorderTests" */ = {
			isa = XCConfigurationList;
			buildConfigurations = (
				2D431EA01C4C3EA000C4BFFD /* Debug */,
				2D431EA11C4C3EA000C4BFFD /* Release */,
			);
			defaultConfigurationIsVisible = 0;
		};
/* End XCConfigurationList section */
	};
	rootObject = 2D431E721C4C3EA000C4BFFD /* Project object */;
}
