// !$*UTF8*$!
{
	archiveVersion = 1;
	classes = {
	};
	objectVersion = 46;
	objects = {

/* Begin PBXBuildFile section */
		2D0208D11E4C15310079CB61 /* main.m in Sources */ = {isa = PBXBuildFile; fileRef = 2D0208D01E4C15310079CB61 /* main.m */; };
		2D0208D41E4C15310079CB61 /* AppDelegate.m in Sources */ = {isa = PBXBuildFile; fileRef = 2D0208D31E4C15310079CB61 /* AppDelegate.m */; };
		2D0208D71E4C15310079CB61 /* ViewController.m in Sources */ = {isa = PBXBuildFile; fileRef = 2D0208D61E4C15310079CB61 /* ViewController.m */; };
		2D0208DA1E4C15310079CB61 /* Main.storyboard in Resources */ = {isa = PBXBuildFile; fileRef = 2D0208D81E4C15310079CB61 /* Main.storyboard */; };
		2D0208DF1E4C15310079CB61 /* LaunchScreen.storyboard in Resources */ = {isa = PBXBuildFile; fileRef = 2D0208DD1E4C15310079CB61 /* LaunchScreen.storyboard */; };
		2D1E8F5B1E4C160B00CC68F7 /* BackgroundTaskManager.m in Sources */ = {isa = PBXBuildFile; fileRef = 2D1E8F561E4C160B00CC68F7 /* BackgroundTaskManager.m */; };
		2D1E8F5C1E4C160B00CC68F7 /* LocationShareModel.m in Sources */ = {isa = PBXBuildFile; fileRef = 2D1E8F581E4C160B00CC68F7 /* LocationShareModel.m */; };
		2D1E8F5D1E4C160B00CC68F7 /* LocationTracker.m in Sources */ = {isa = PBXBuildFile; fileRef = 2D1E8F5A1E4C160B00CC68F7 /* LocationTracker.m */; };
		2D1E8F651E4C163900CC68F7 /* LaunchScreen.storyboard in Resources */ = {isa = PBXBuildFile; fileRef = 2D1E8F601E4C163900CC68F7 /* LaunchScreen.storyboard */; };
		2D1E8F661E4C163900CC68F7 /* Main.storyboard in Resources */ = {isa = PBXBuildFile; fileRef = 2D1E8F621E4C163900CC68F7 /* Main.storyboard */; };
		2D1E8F6A1E4C170800CC68F7 /* Settings.bundle in Resources */ = {isa = PBXBuildFile; fileRef = 2D1E8F691E4C170800CC68F7 /* Settings.bundle */; };
		2D1E8F711E4C1C5900CC68F7 /* Marathon Logo.png in Resources */ = {isa = PBXBuildFile; fileRef = 2D1E8F701E4C1C5900CC68F7 /* Marathon Logo.png */; };
		2D351E0729A1ADB700098180 /* HeartRate.m in Sources */ = {isa = PBXBuildFile; fileRef = 2D351E0229A1ADB700098180 /* HeartRate.m */; };
		2D351E0829A1ADB700098180 /* RingBuffer.m in Sources */ = {isa = PBXBuildFile; fileRef = 2D351E0329A1ADB700098180 /* RingBuffer.m */; };
		2D351E0929A1ADB700098180 /* RRValues.m in Sources */ = {isa = PBXBuildFile; fileRef = 2D351E0529A1ADB700098180 /* RRValues.m */; };
		2D5B42C81E4F60D700F1F4DB /* edk_ios.framework in Frameworks */ = {isa = PBXBuildFile; fileRef = 2D5B42C71E4F60D700F1F4DB /* edk_ios.framework */; };
		2D5B42C91E4F60D700F1F4DB /* edk_ios.framework in Embed Frameworks */ = {isa = PBXBuildFile; fileRef = 2D5B42C71E4F60D700F1F4DB /* edk_ios.framework */; settings = {ATTRIBUTES = (CodeSignOnCopy, RemoveHeadersOnCopy, ); }; };
		2D5B42CB1E4F770100F1F4DB /* Assets.xcassets in Resources */ = {isa = PBXBuildFile; fileRef = 2D5B42CA1E4F770100F1F4DB /* Assets.xcassets */; };
		AACEE31B0F8E1F05F8153CE1 /* libPods-MarathonBrainwaves.a in Frameworks */ = {isa = PBXBuildFile; fileRef = 0C3782C80F303F54A100D7A0 /* libPods-MarathonBrainwaves.a */; };
/* End PBXBuildFile section */

/* Begin PBXCopyFilesBuildPhase section */
		2DB90B391E4CCAFF00B83B8B /* Embed Frameworks */ = {
			isa = PBXCopyFilesBuildPhase;
			buildActionMask = 2147483647;
			dstPath = "";
			dstSubfolderSpec = 10;
			files = (
				2D5B42C91E4F60D700F1F4DB /* edk_ios.framework in Embed Frameworks */,
			);
			name = "Embed Frameworks";
			runOnlyForDeploymentPostprocessing = 0;
		};
/* End PBXCopyFilesBuildPhase section */

/* Begin PBXFileReference section */
		0C3782C80F303F54A100D7A0 /* libPods-MarathonBrainwaves.a */ = {isa = PBXFileReference; explicitFileType = archive.ar; includeInIndex = 0; path = "libPods-MarathonBrainwaves.a"; sourceTree = BUILT_PRODUCTS_DIR; };
		2D0208CC1E4C15310079CB61 /* MarathonBrainwaves.app */ = {isa = PBXFileReference; explicitFileType = wrapper.application; includeInIndex = 0; path = MarathonBrainwaves.app; sourceTree = BUILT_PRODUCTS_DIR; };
		2D0208D01E4C15310079CB61 /* main.m */ = {isa = PBXFileReference; lastKnownFileType = sourcecode.c.objc; path = main.m; sourceTree = "<group>"; };
		2D0208D21E4C15310079CB61 /* AppDelegate.h */ = {isa = PBXFileReference; lastKnownFileType = sourcecode.c.h; path = AppDelegate.h; sourceTree = "<group>"; };
		2D0208D31E4C15310079CB61 /* AppDelegate.m */ = {isa = PBXFileReference; lastKnownFileType = sourcecode.c.objc; path = AppDelegate.m; sourceTree = "<group>"; };
		2D0208D51E4C15310079CB61 /* ViewController.h */ = {isa = PBXFileReference; lastKnownFileType = sourcecode.c.h; path = ViewController.h; sourceTree = "<group>"; };
		2D0208D61E4C15310079CB61 /* ViewController.m */ = {isa = PBXFileReference; explicitFileType = sourcecode.cpp.objcpp; path = ViewController.m; sourceTree = "<group>"; };
		2D0208D91E4C15310079CB61 /* Base */ = {isa = PBXFileReference; lastKnownFileType = file.storyboard; name = Base; path = Base.lproj/Main.storyboard; sourceTree = "<group>"; };
		2D0208DE1E4C15310079CB61 /* Base */ = {isa = PBXFileReference; lastKnownFileType = file.storyboard; name = Base; path = Base.lproj/LaunchScreen.storyboard; sourceTree = "<group>"; };
		2D0208E01E4C15310079CB61 /* Info.plist */ = {isa = PBXFileReference; lastKnownFileType = text.plist.xml; path = Info.plist; sourceTree = "<group>"; };
		2D1E8F551E4C160B00CC68F7 /* BackgroundTaskManager.h */ = {isa = PBXFileReference; fileEncoding = 4; lastKnownFileType = sourcecode.c.h; name = BackgroundTaskManager.h; path = MarathonBrainwaves/BackgroundTaskManager.h; sourceTree = "<group>"; };
		2D1E8F561E4C160B00CC68F7 /* BackgroundTaskManager.m */ = {isa = PBXFileReference; fileEncoding = 4; lastKnownFileType = sourcecode.c.objc; name = BackgroundTaskManager.m; path = MarathonBrainwaves/BackgroundTaskManager.m; sourceTree = "<group>"; };
		2D1E8F571E4C160B00CC68F7 /* LocationShareModel.h */ = {isa = PBXFileReference; fileEncoding = 4; lastKnownFileType = sourcecode.c.h; name = LocationShareModel.h; path = MarathonBrainwaves/LocationShareModel.h; sourceTree = "<group>"; };
		2D1E8F581E4C160B00CC68F7 /* LocationShareModel.m */ = {isa = PBXFileReference; fileEncoding = 4; lastKnownFileType = sourcecode.c.objc; name = LocationShareModel.m; path = MarathonBrainwaves/LocationShareModel.m; sourceTree = "<group>"; };
		2D1E8F591E4C160B00CC68F7 /* LocationTracker.h */ = {isa = PBXFileReference; fileEncoding = 4; lastKnownFileType = sourcecode.c.h; name = LocationTracker.h; path = MarathonBrainwaves/LocationTracker.h; sourceTree = "<group>"; };
		2D1E8F5A1E4C160B00CC68F7 /* LocationTracker.m */ = {isa = PBXFileReference; fileEncoding = 4; lastKnownFileType = sourcecode.c.objc; name = LocationTracker.m; path = MarathonBrainwaves/LocationTracker.m; sourceTree = "<group>"; };
		2D1E8F611E4C163900CC68F7 /* Base */ = {isa = PBXFileReference; lastKnownFileType = file.storyboard; name = Base; path = LaunchScreen.storyboard; sourceTree = "<group>"; };
		2D1E8F631E4C163900CC68F7 /* Base */ = {isa = PBXFileReference; lastKnownFileType = file.storyboard; name = Base; path = Main.storyboard; sourceTree = "<group>"; };
		2D1E8F691E4C170800CC68F7 /* Settings.bundle */ = {isa = PBXFileReference; lastKnownFileType = "wrapper.plug-in"; path = Settings.bundle; sourceTree = "<group>"; };
		2D1E8F701E4C1C5900CC68F7 /* Marathon Logo.png */ = {isa = PBXFileReference; lastKnownFileType = image.png; path = "Marathon Logo.png"; sourceTree = SOURCE_ROOT; };
		2D351E0129A1ADB700098180 /* HeartRate.h */ = {isa = PBXFileReference; fileEncoding = 4; lastKnownFileType = sourcecode.c.h; path = HeartRate.h; sourceTree = "<group>"; };
		2D351E0229A1ADB700098180 /* HeartRate.m */ = {isa = PBXFileReference; fileEncoding = 4; lastKnownFileType = sourcecode.c.objc; path = HeartRate.m; sourceTree = "<group>"; };
		2D351E0329A1ADB700098180 /* RingBuffer.m */ = {isa = PBXFileReference; fileEncoding = 4; lastKnownFileType = sourcecode.c.objc; path = RingBuffer.m; sourceTree = "<group>"; };
		2D351E0429A1ADB700098180 /* RRValues.h */ = {isa = PBXFileReference; fileEncoding = 4; lastKnownFileType = sourcecode.c.h; path = RRValues.h; sourceTree = "<group>"; };
		2D351E0529A1ADB700098180 /* RRValues.m */ = {isa = PBXFileReference; fileEncoding = 4; lastKnownFileType = sourcecode.c.objc; path = RRValues.m; sourceTree = "<group>"; };
		2D351E0629A1ADB700098180 /* RingBuffer.h */ = {isa = PBXFileReference; fileEncoding = 4; lastKnownFileType = sourcecode.c.h; path = RingBuffer.h; sourceTree = "<group>"; };
		2D5B42C71E4F60D700F1F4DB /* edk_ios.framework */ = {isa = PBXFileReference; lastKnownFileType = wrapper.framework; path = edk_ios.framework; sourceTree = "<group>"; };
		2D5B42CA1E4F770100F1F4DB /* Assets.xcassets */ = {isa = PBXFileReference; lastKnownFileType = folder.assetcatalog; name = Assets.xcassets; path = MarathonBrainwaves/Assets.xcassets; sourceTree = "<group>"; };
		4F39F65813BB8B7EC8505342 /* Pods-MarathonBrainwaves.debug.xcconfig */ = {isa = PBXFileReference; includeInIndex = 1; lastKnownFileType = text.xcconfig; name = "Pods-MarathonBrainwaves.debug.xcconfig"; path = "Pods/Target Support Files/Pods-MarathonBrainwaves/Pods-MarathonBrainwaves.debug.xcconfig"; sourceTree = "<group>"; };
		C893ECDF9C0D80FF390EF1F7 /* Pods-MarathonBrainwaves.release.xcconfig */ = {isa = PBXFileReference; includeInIndex = 1; lastKnownFileType = text.xcconfig; name = "Pods-MarathonBrainwaves.release.xcconfig"; path = "Pods/Target Support Files/Pods-MarathonBrainwaves/Pods-MarathonBrainwaves.release.xcconfig"; sourceTree = "<group>"; };
/* End PBXFileReference section */

/* Begin PBXFrameworksBuildPhase section */
		2D0208C91E4C15310079CB61 /* Frameworks */ = {
			isa = PBXFrameworksBuildPhase;
			buildActionMask = 2147483647;
			files = (
				AACEE31B0F8E1F05F8153CE1 /* libPods-MarathonBrainwaves.a in Frameworks */,
				2D5B42C81E4F60D700F1F4DB /* edk_ios.framework in Frameworks */,
			);
			runOnlyForDeploymentPostprocessing = 0;
		};
/* End PBXFrameworksBuildPhase section */

/* Begin PBXGroup section */
		11F702619C94D6BD33BF288D /* Frameworks */ = {
			isa = PBXGroup;
			children = (
				0C3782C80F303F54A100D7A0 /* libPods-MarathonBrainwaves.a */,
			);
			name = Frameworks;
			sourceTree = "<group>";
		};
		2D0208C31E4C15310079CB61 = {
			isa = PBXGroup;
			children = (
				2D5B42CA1E4F770100F1F4DB /* Assets.xcassets */,
				2D5B42C71E4F60D700F1F4DB /* edk_ios.framework */,
				2D1E8F691E4C170800CC68F7 /* Settings.bundle */,
				2D1E8F5F1E4C163900CC68F7 /* Base.lproj */,
				2D1E8F551E4C160B00CC68F7 /* BackgroundTaskManager.h */,
				2D1E8F561E4C160B00CC68F7 /* BackgroundTaskManager.m */,
				2D1E8F571E4C160B00CC68F7 /* LocationShareModel.h */,
				2D1E8F581E4C160B00CC68F7 /* LocationShareModel.m */,
				2D1E8F591E4C160B00CC68F7 /* LocationTracker.h */,
				2D1E8F5A1E4C160B00CC68F7 /* LocationTracker.m */,
				2D0208CE1E4C15310079CB61 /* MarathonBrainwaves */,
				2D0208CD1E4C15310079CB61 /* Products */,
				11F702619C94D6BD33BF288D /* Frameworks */,
				658CEAB357EF156E6E341DA6 /* Pods */,
			);
			sourceTree = "<group>";
		};
		2D0208CD1E4C15310079CB61 /* Products */ = {
			isa = PBXGroup;
			children = (
				2D0208CC1E4C15310079CB61 /* MarathonBrainwaves.app */,
			);
			name = Products;
			sourceTree = "<group>";
		};
		2D0208CE1E4C15310079CB61 /* MarathonBrainwaves */ = {
			isa = PBXGroup;
			children = (
				2D351E0129A1ADB700098180 /* HeartRate.h */,
				2D351E0229A1ADB700098180 /* HeartRate.m */,
				2D351E0629A1ADB700098180 /* RingBuffer.h */,
				2D351E0329A1ADB700098180 /* RingBuffer.m */,
				2D351E0429A1ADB700098180 /* RRValues.h */,
				2D351E0529A1ADB700098180 /* RRValues.m */,
				2D0208D21E4C15310079CB61 /* AppDelegate.h */,
				2D0208D31E4C15310079CB61 /* AppDelegate.m */,
				2D0208D51E4C15310079CB61 /* ViewController.h */,
				2D0208D61E4C15310079CB61 /* ViewController.m */,
				2D0208D81E4C15310079CB61 /* Main.storyboard */,
				2D1E8F701E4C1C5900CC68F7 /* Marathon Logo.png */,
				2D0208DD1E4C15310079CB61 /* LaunchScreen.storyboard */,
				2D0208E01E4C15310079CB61 /* Info.plist */,
				2D0208CF1E4C15310079CB61 /* Supporting Files */,
			);
			path = MarathonBrainwaves;
			sourceTree = "<group>";
		};
		2D0208CF1E4C15310079CB61 /* Supporting Files */ = {
			isa = PBXGroup;
			children = (
				2D0208D01E4C15310079CB61 /* main.m */,
			);
			name = "Supporting Files";
			sourceTree = "<group>";
		};
		2D1E8F5F1E4C163900CC68F7 /* Base.lproj */ = {
			isa = PBXGroup;
			children = (
				2D1E8F601E4C163900CC68F7 /* LaunchScreen.storyboard */,
				2D1E8F621E4C163900CC68F7 /* Main.storyboard */,
			);
			name = Base.lproj;
			path = MarathonBrainwaves/Base.lproj;
			sourceTree = "<group>";
		};
		658CEAB357EF156E6E341DA6 /* Pods */ = {
			isa = PBXGroup;
			children = (
				4F39F65813BB8B7EC8505342 /* Pods-MarathonBrainwaves.debug.xcconfig */,
				C893ECDF9C0D80FF390EF1F7 /* Pods-MarathonBrainwaves.release.xcconfig */,
			);
			name = Pods;
			sourceTree = "<group>";
		};
/* End PBXGroup section */

/* Begin PBXNativeTarget section */
		2D0208CB1E4C15310079CB61 /* MarathonBrainwaves */ = {
			isa = PBXNativeTarget;
			buildConfigurationList = 2D0208E31E4C15310079CB61 /* Build configuration list for PBXNativeTarget "MarathonBrainwaves" */;
			buildPhases = (
				D22351F9A98676BA8F6E0841 /* [CP] Check Pods Manifest.lock */,
				2D0208C81E4C15310079CB61 /* Sources */,
				2D0208C91E4C15310079CB61 /* Frameworks */,
				2D0208CA1E4C15310079CB61 /* Resources */,
				CC7122D661D0686CFA7F26CF /* [CP] Embed Pods Frameworks */,
				3FC1238698564CA8385D07CC /* [CP] Copy Pods Resources */,
				2DB90B391E4CCAFF00B83B8B /* Embed Frameworks */,
			);
			buildRules = (
			);
			dependencies = (
			);
			name = MarathonBrainwaves;
			productName = MarathonBrainwaves;
			productReference = 2D0208CC1E4C15310079CB61 /* MarathonBrainwaves.app */;
			productType = "com.apple.product-type.application";
		};
/* End PBXNativeTarget section */

/* Begin PBXProject section */
		2D0208C41E4C15310079CB61 /* Project object */ = {
			isa = PBXProject;
			attributes = {
				LastUpgradeCheck = 0820;
				ORGANIZATIONNAME = "Alex Cruikshank";
				TargetAttributes = {
					2D0208CB1E4C15310079CB61 = {
						CreatedOnToolsVersion = 8.2.1;
						DevelopmentTeam = 8SU2K8SVJT;
						ProvisioningStyle = Automatic;
					};
				};
			};
			buildConfigurationList = 2D0208C71E4C15310079CB61 /* Build configuration list for PBXProject "MarathonBrainwaves" */;
			compatibilityVersion = "Xcode 3.2";
			developmentRegion = English;
			hasScannedForEncodings = 0;
			knownRegions = (
				English,
				en,
				Base,
			);
			mainGroup = 2D0208C31E4C15310079CB61;
			productRefGroup = 2D0208CD1E4C15310079CB61 /* Products */;
			projectDirPath = "";
			projectRoot = "";
			targets = (
				2D0208CB1E4C15310079CB61 /* MarathonBrainwaves */,
			);
		};
/* End PBXProject section */

/* Begin PBXResourcesBuildPhase section */
		2D0208CA1E4C15310079CB61 /* Resources */ = {
			isa = PBXResourcesBuildPhase;
			buildActionMask = 2147483647;
			files = (
				2D0208DF1E4C15310079CB61 /* LaunchScreen.storyboard in Resources */,
				2D1E8F661E4C163900CC68F7 /* Main.storyboard in Resources */,
				2D1E8F651E4C163900CC68F7 /* LaunchScreen.storyboard in Resources */,
				2D1E8F711E4C1C5900CC68F7 /* Marathon Logo.png in Resources */,
				2D5B42CB1E4F770100F1F4DB /* Assets.xcassets in Resources */,
				2D1E8F6A1E4C170800CC68F7 /* Settings.bundle in Resources */,
				2D0208DA1E4C15310079CB61 /* Main.storyboard in Resources */,
			);
			runOnlyForDeploymentPostprocessing = 0;
		};
/* End PBXResourcesBuildPhase section */

/* Begin PBXShellScriptBuildPhase section */
		3FC1238698564CA8385D07CC /* [CP] Copy Pods Resources */ = {
			isa = PBXShellScriptBuildPhase;
			buildActionMask = 2147483647;
			files = (
			);
			inputPaths = (
			);
			name = "[CP] Copy Pods Resources";
			outputPaths = (
			);
			runOnlyForDeploymentPostprocessing = 0;
			shellPath = /bin/sh;
			shellScript = "\"${SRCROOT}/Pods/Target Support Files/Pods-MarathonBrainwaves/Pods-MarathonBrainwaves-resources.sh\"\n";
			showEnvVarsInLog = 0;
		};
		CC7122D661D0686CFA7F26CF /* [CP] Embed Pods Frameworks */ = {
			isa = PBXShellScriptBuildPhase;
			buildActionMask = 2147483647;
			files = (
			);
			inputPaths = (
			);
			name = "[CP] Embed Pods Frameworks";
			outputPaths = (
			);
			runOnlyForDeploymentPostprocessing = 0;
			shellPath = /bin/sh;
			shellScript = "\"${SRCROOT}/Pods/Target Support Files/Pods-MarathonBrainwaves/Pods-MarathonBrainwaves-frameworks.sh\"\n";
			showEnvVarsInLog = 0;
		};
		D22351F9A98676BA8F6E0841 /* [CP] Check Pods Manifest.lock */ = {
			isa = PBXShellScriptBuildPhase;
			buildActionMask = 2147483647;
			files = (
			);
			inputPaths = (
			);
			name = "[CP] Check Pods Manifest.lock";
			outputPaths = (
			);
			runOnlyForDeploymentPostprocessing = 0;
			shellPath = /bin/sh;
			shellScript = "diff \"${PODS_ROOT}/../Podfile.lock\" \"${PODS_ROOT}/Manifest.lock\" > /dev/null\nif [ $? != 0 ] ; then\n    # print error to STDERR\n    echo \"error: The sandbox is not in sync with the Podfile.lock. Run 'pod install' or update your CocoaPods installation.\" >&2\n    exit 1\nfi\n";
			showEnvVarsInLog = 0;
		};
/* End PBXShellScriptBuildPhase section */

/* Begin PBXSourcesBuildPhase section */
		2D0208C81E4C15310079CB61 /* Sources */ = {
			isa = PBXSourcesBuildPhase;
			buildActionMask = 2147483647;
			files = (
				2D1E8F5B1E4C160B00CC68F7 /* BackgroundTaskManager.m in Sources */,
				2D351E0829A1ADB700098180 /* RingBuffer.m in Sources */,
				2D351E0929A1ADB700098180 /* RRValues.m in Sources */,
				2D0208D71E4C15310079CB61 /* ViewController.m in Sources */,
				2D0208D41E4C15310079CB61 /* AppDelegate.m in Sources */,
				2D1E8F5C1E4C160B00CC68F7 /* LocationShareModel.m in Sources */,
				2D351E0729A1ADB700098180 /* HeartRate.m in Sources */,
				2D0208D11E4C15310079CB61 /* main.m in Sources */,
				2D1E8F5D1E4C160B00CC68F7 /* LocationTracker.m in Sources */,
			);
			runOnlyForDeploymentPostprocessing = 0;
		};
/* End PBXSourcesBuildPhase section */

/* Begin PBXVariantGroup section */
		2D0208D81E4C15310079CB61 /* Main.storyboard */ = {
			isa = PBXVariantGroup;
			children = (
				2D0208D91E4C15310079CB61 /* Base */,
			);
			name = Main.storyboard;
			sourceTree = "<group>";
		};
		2D0208DD1E4C15310079CB61 /* LaunchScreen.storyboard */ = {
			isa = PBXVariantGroup;
			children = (
				2D0208DE1E4C15310079CB61 /* Base */,
			);
			name = LaunchScreen.storyboard;
			sourceTree = "<group>";
		};
		2D1E8F601E4C163900CC68F7 /* LaunchScreen.storyboard */ = {
			isa = PBXVariantGroup;
			children = (
				2D1E8F611E4C163900CC68F7 /* Base */,
			);
			name = LaunchScreen.storyboard;
			sourceTree = "<group>";
		};
		2D1E8F621E4C163900CC68F7 /* Main.storyboard */ = {
			isa = PBXVariantGroup;
			children = (
				2D1E8F631E4C163900CC68F7 /* Base */,
			);
			name = Main.storyboard;
			sourceTree = "<group>";
		};
/* End PBXVariantGroup section */

/* Begin XCBuildConfiguration section */
		2D0208E11E4C15310079CB61 /* Debug */ = {
			isa = XCBuildConfiguration;
			buildSettings = {
				ALWAYS_SEARCH_USER_PATHS = NO;
				CLANG_ANALYZER_NONNULL = YES;
				CLANG_CXX_LANGUAGE_STANDARD = "gnu++0x";
				CLANG_CXX_LIBRARY = "libc++";
				CLANG_ENABLE_MODULES = YES;
				CLANG_ENABLE_OBJC_ARC = YES;
				CLANG_WARN_BOOL_CONVERSION = YES;
				CLANG_WARN_CONSTANT_CONVERSION = YES;
				CLANG_WARN_DIRECT_OBJC_ISA_USAGE = YES_ERROR;
				CLANG_WARN_DOCUMENTATION_COMMENTS = YES;
				CLANG_WARN_EMPTY_BODY = YES;
				CLANG_WARN_ENUM_CONVERSION = YES;
				CLANG_WARN_INFINITE_RECURSION = YES;
				CLANG_WARN_INT_CONVERSION = YES;
				CLANG_WARN_OBJC_ROOT_CLASS = YES_ERROR;
				CLANG_WARN_SUSPICIOUS_MOVE = YES;
				CLANG_WARN_UNREACHABLE_CODE = YES;
				CLANG_WARN__DUPLICATE_METHOD_MATCH = YES;
				"CODE_SIGN_IDENTITY[sdk=iphoneos*]" = "iPhone Developer";
				COPY_PHASE_STRIP = NO;
				DEBUG_INFORMATION_FORMAT = dwarf;
				ENABLE_STRICT_OBJC_MSGSEND = YES;
				ENABLE_TESTABILITY = YES;
				GCC_C_LANGUAGE_STANDARD = gnu99;
				GCC_DYNAMIC_NO_PIC = NO;
				GCC_NO_COMMON_BLOCKS = YES;
				GCC_OPTIMIZATION_LEVEL = 0;
				GCC_PREPROCESSOR_DEFINITIONS = (
					"DEBUG=1",
					"$(inherited)",
				);
				GCC_WARN_64_TO_32_BIT_CONVERSION = YES;
				GCC_WARN_ABOUT_RETURN_TYPE = YES_ERROR;
				GCC_WARN_UNDECLARED_SELECTOR = YES;
				GCC_WARN_UNINITIALIZED_AUTOS = YES_AGGRESSIVE;
				GCC_WARN_UNUSED_FUNCTION = YES;
				GCC_WARN_UNUSED_VARIABLE = YES;
				IPHONEOS_DEPLOYMENT_TARGET = 10.2;
				MTL_ENABLE_DEBUG_INFO = YES;
				ONLY_ACTIVE_ARCH = YES;
				SDKROOT = iphoneos;
			};
			name = Debug;
		};
		2D0208E21E4C15310079CB61 /* Release */ = {
			isa = XCBuildConfiguration;
			buildSettings = {
				ALWAYS_SEARCH_USER_PATHS = NO;
				CLANG_ANALYZER_NONNULL = YES;
				CLANG_CXX_LANGUAGE_STANDARD = "gnu++0x";
				CLANG_CXX_LIBRARY = "libc++";
				CLANG_ENABLE_MODULES = YES;
				CLANG_ENABLE_OBJC_ARC = YES;
				CLANG_WARN_BOOL_CONVERSION = YES;
				CLANG_WARN_CONSTANT_CONVERSION = YES;
				CLANG_WARN_DIRECT_OBJC_ISA_USAGE = YES_ERROR;
				CLANG_WARN_DOCUMENTATION_COMMENTS = YES;
				CLANG_WARN_EMPTY_BODY = YES;
				CLANG_WARN_ENUM_CONVERSION = YES;
				CLANG_WARN_INFINITE_RECURSION = YES;
				CLANG_WARN_INT_CONVERSION = YES;
				CLANG_WARN_OBJC_ROOT_CLASS = YES_ERROR;
				CLANG_WARN_SUSPICIOUS_MOVE = YES;
				CLANG_WARN_UNREACHABLE_CODE = YES;
				CLANG_WARN__DUPLICATE_METHOD_MATCH = YES;
				"CODE_SIGN_IDENTITY[sdk=iphoneos*]" = "iPhone Developer";
				COPY_PHASE_STRIP = NO;
				DEBUG_INFORMATION_FORMAT = "dwarf-with-dsym";
				ENABLE_NS_ASSERTIONS = NO;
				ENABLE_STRICT_OBJC_MSGSEND = YES;
				GCC_C_LANGUAGE_STANDARD = gnu99;
				GCC_NO_COMMON_BLOCKS = YES;
				GCC_WARN_64_TO_32_BIT_CONVERSION = YES;
				GCC_WARN_ABOUT_RETURN_TYPE = YES_ERROR;
				GCC_WARN_UNDECLARED_SELECTOR = YES;
				GCC_WARN_UNINITIALIZED_AUTOS = YES_AGGRESSIVE;
				GCC_WARN_UNUSED_FUNCTION = YES;
				GCC_WARN_UNUSED_VARIABLE = YES;
				IPHONEOS_DEPLOYMENT_TARGET = 10.2;
				MTL_ENABLE_DEBUG_INFO = NO;
				SDKROOT = iphoneos;
				VALIDATE_PRODUCT = YES;
			};
			name = Release;
		};
		2D0208E41E4C15310079CB61 /* Debug */ = {
			isa = XCBuildConfiguration;
			baseConfigurationReference = 4F39F65813BB8B7EC8505342 /* Pods-MarathonBrainwaves.debug.xcconfig */;
			buildSettings = {
				ASSETCATALOG_COMPILER_APPICON_NAME = AppIcon;
				DEVELOPMENT_TEAM = 8SU2K8SVJT;
				ENABLE_BITCODE = NO;
				FRAMEWORK_SEARCH_PATHS = (
					"$(inherited)",
					"$(PROJECT_DIR)",
				);
				GCC_INCREASE_PRECOMPILED_HEADER_SHARING = NO;
				GCC_INPUT_FILETYPE = automatic;
				INFOPLIST_FILE = MarathonBrainwaves/Info.plist;
				IPHONEOS_DEPLOYMENT_TARGET = 9.2;
				LD_RUNPATH_SEARCH_PATHS = "$(inherited) @executable_path/Frameworks";
				OTHER_LDFLAGS = (
					"$(inherited)",
					"-ObjC",
					"-l\"STHTTPRequest\"",
				);
				PRODUCT_BUNDLE_IDENTIFIER = lancebrackett.MarathonBrainwaves;
				PRODUCT_NAME = "$(TARGET_NAME)";
			};
			name = Debug;
		};
		2D0208E51E4C15310079CB61 /* Release */ = {
			isa = XCBuildConfiguration;
			baseConfigurationReference = C893ECDF9C0D80FF390EF1F7 /* Pods-MarathonBrainwaves.release.xcconfig */;
			buildSettings = {
				ASSETCATALOG_COMPILER_APPICON_NAME = AppIcon;
				DEVELOPMENT_TEAM = 8SU2K8SVJT;
				ENABLE_BITCODE = NO;
				FRAMEWORK_SEARCH_PATHS = (
					"$(inherited)",
					"$(PROJECT_DIR)",
				);
				GCC_INCREASE_PRECOMPILED_HEADER_SHARING = NO;
				GCC_INPUT_FILETYPE = automatic;
				INFOPLIST_FILE = MarathonBrainwaves/Info.plist;
				IPHONEOS_DEPLOYMENT_TARGET = 9.2;
				LD_RUNPATH_SEARCH_PATHS = "$(inherited) @executable_path/Frameworks";
				OTHER_LDFLAGS = (
					"$(inherited)",
					"-ObjC",
					"-l\"STHTTPRequest\"",
				);
				PRODUCT_BUNDLE_IDENTIFIER = lancebrackett.MarathonBrainwaves;
				PRODUCT_NAME = "$(TARGET_NAME)";
			};
			name = Release;
		};
/* End XCBuildConfiguration section */

/* Begin XCConfigurationList section */
		2D0208C71E4C15310079CB61 /* Build configuration list for PBXProject "MarathonBrainwaves" */ = {
			isa = XCConfigurationList;
			buildConfigurations = (
				2D0208E11E4C15310079CB61 /* Debug */,
				2D0208E21E4C15310079CB61 /* Release */,
			);
			defaultConfigurationIsVisible = 0;
			defaultConfigurationName = Release;
		};
		2D0208E31E4C15310079CB61 /* Build configuration list for PBXNativeTarget "MarathonBrainwaves" */ = {
			isa = XCConfigurationList;
			buildConfigurations = (
				2D0208E41E4C15310079CB61 /* Debug */,
				2D0208E51E4C15310079CB61 /* Release */,
			);
			defaultConfigurationIsVisible = 0;
			defaultConfigurationName = Release;
		};
/* End XCConfigurationList section */
	};
	rootObject = 2D0208C41E4C15310079CB61 /* Project object */;
}
